
Microsoft Visual Studio Solution File, Format Version 12.00
# Visual Studio Version 17
VisualStudioVersion = 17.1.32319.34
MinimumVisualStudioVersion = 10.0.40219.1
Project("{2150E333-8FDC-42A3-9474-1A3956D46DE8}") = "Apps", "Apps", "{28C31853-DECB-4E65-8924-F0B923E02C32}"
EndProject
Project("{2150E333-8FDC-42A3-9474-1A3956D46DE8}") = "Solution Items", "Solution Items", "{6B211DC5-7C29-426F-B005-CE9DEF566656}"
	ProjectSection(SolutionItems) = preProject
		README.md = README.md
	EndProjectSection
EndProject
Project("{6EC3EE1D-3C4E-46DD-8F32-0CC8E7565705}") = "Util", "..\..\Common\Util\Util.fsproj", "{0BCA7855-85B6-4535-A5EF-1F094E1F4FBC}"
EndProject
Project("{6EC3EE1D-3C4E-46DD-8F32-0CC8E7565705}") = "Shared", "Shared\Shared.fsproj", "{78975D7B-F75E-4B51-8655-B8CA8758BF01}"
EndProject
Project("{6EC3EE1D-3C4E-46DD-8F32-0CC8E7565705}") = "Server", "Server\Server.fsproj", "{89150F6B-77B2-4536-968E-2C60AE525B4E}"
EndProject
Project("{2150E333-8FDC-42A3-9474-1A3956D46DE8}") = "Deploy", "Deploy", "{A18560AA-7340-4946-A44B-F92B3F32E29E}"
	ProjectSection(SolutionItems) = preProject
		Deploy\favicon.ico = Deploy\favicon.ico
		Deploy\index.html = Deploy\index.html
	EndProjectSection
EndProject
Project("{2150E333-8FDC-42A3-9474-1A3956D46DE8}") = "Doc", "Doc", "{7D835CE3-5976-4DD4-933E-C1618ACE04E4}"
	ProjectSection(SolutionItems) = preProject
		Doc\homepage.md = Doc\homepage.md
	EndProjectSection
EndProject
Project("{6EC3EE1D-3C4E-46DD-8F32-0CC8E7565705}") = "BizLogics", "BizLogics\BizLogics.fsproj", "{69C6EF7E-02AC-45FA-8AA8-1A4A9DD398F2}"
EndProject
Project("{6EC3EE1D-3C4E-46DD-8F32-0CC8E7565705}") = "UtilWebServer", "..\..\Common\UtilWebServer\UtilWebServer.fsproj", "{164512C6-E9B9-4168-889C-567912E39FEC}"
EndProject
Global
	GlobalSection(SolutionConfigurationPlatforms) = preSolution
		Debug|Any CPU = Debug|Any CPU
		Release|Any CPU = Release|Any CPU
	EndGlobalSection
	GlobalSection(ProjectConfigurationPlatforms) = postSolution
		{0BCA7855-85B6-4535-A5EF-1F094E1F4FBC}.Debug|Any CPU.ActiveCfg = Debug|Any CPU
		{0BCA7855-85B6-4535-A5EF-1F094E1F4FBC}.Debug|Any CPU.Build.0 = Debug|Any CPU
		{0BCA7855-85B6-4535-A5EF-1F094E1F4FBC}.Release|Any CPU.ActiveCfg = Release|Any CPU
		{0BCA7855-85B6-4535-A5EF-1F094E1F4FBC}.Release|Any CPU.Build.0 = Release|Any CPU
		{78975D7B-F75E-4B51-8655-B8CA8758BF01}.Debug|Any CPU.ActiveCfg = Debug|Any CPU
		{78975D7B-F75E-4B51-8655-B8CA8758BF01}.Debug|Any CPU.Build.0 = Debug|Any CPU
		{78975D7B-F75E-4B51-8655-B8CA8758BF01}.Release|Any CPU.ActiveCfg = Release|Any CPU
		{78975D7B-F75E-4B51-8655-B8CA8758BF01}.Release|Any CPU.Build.0 = Release|Any CPU
		{89150F6B-77B2-4536-968E-2C60AE525B4E}.Debug|Any CPU.ActiveCfg = Debug|Any CPU
		{89150F6B-77B2-4536-968E-2C60AE525B4E}.Debug|Any CPU.Build.0 = Debug|Any CPU
		{89150F6B-77B2-4536-968E-2C60AE525B4E}.Release|Any CPU.ActiveCfg = Release|Any CPU
		{89150F6B-77B2-4536-968E-2C60AE525B4E}.Release|Any CPU.Build.0 = Release|Any CPU
		{69C6EF7E-02AC-45FA-8AA8-1A4A9DD398F2}.Debug|Any CPU.ActiveCfg = Debug|Any CPU
		{69C6EF7E-02AC-45FA-8AA8-1A4A9DD398F2}.Debug|Any CPU.Build.0 = Debug|Any CPU
		{69C6EF7E-02AC-45FA-8AA8-1A4A9DD398F2}.Release|Any CPU.ActiveCfg = Release|Any CPU
		{69C6EF7E-02AC-45FA-8AA8-1A4A9DD398F2}.Release|Any CPU.Build.0 = Release|Any CPU
		{164512C6-E9B9-4168-889C-567912E39FEC}.Debug|Any CPU.ActiveCfg = Debug|Any CPU
		{164512C6-E9B9-4168-889C-567912E39FEC}.Debug|Any CPU.Build.0 = Debug|Any CPU
		{164512C6-E9B9-4168-889C-567912E39FEC}.Release|Any CPU.ActiveCfg = Release|Any CPU
		{164512C6-E9B9-4168-889C-567912E39FEC}.Release|Any CPU.Build.0 = Release|Any CPU
	EndGlobalSection
	GlobalSection(SolutionProperties) = preSolution
		HideSolutionNode = FALSE
	EndGlobalSection
	GlobalSection(ExtensibilityGlobals) = postSolution
		SolutionGuid = {5D6FBBFE-FF28-4250-BBFB-AC6B8661ACA6}
	EndGlobalSection
EndGlobal
